{
  "name": "monitoring-collector",
  "version": "1.0.0",
  "lockfileVersion": 2,
  "requires": true,
  "packages": {
    "": {
      "name": "monitoring-collector",
      "version": "1.0.0",
      "license": "MIT",
      "dependencies": {
        "systeminformation": "^5.12.6"
      },
      "devDependencies": {
        "osx-temperature-sensor": "^1.0.8"
      }
    },
    "node_modules/osx-temperature-sensor": {
      "version": "1.0.8",
      "resolved": "https://registry.npmjs.org/osx-temperature-sensor/-/osx-temperature-sensor-1.0.8.tgz",
      "integrity": "sha512-Gl3b+bn7+oDDnqPa+4v/cg3yg9lnE8ppS7ivL3opBZh4i7h99JNmkm6zWmo0m2a83UUJu+C9D7lGP0OS8IlehA==",
      "dev": true,
      "hasInstallScript": true,
      "os": [
        "darwin"
      ],
      "engines": {
        "node": ">=4.0.0"
      }
    },
    "node_modules/systeminformation": {
      "version": "5.12.6",
      "resolved": "https://registry.npmjs.org/systeminformation/-/systeminformation-5.12.6.tgz",
      "integrity": "sha512-FkCvT5BOuH1OE3+8lFM25oXIYJ0CM8kq4Wgvz2jyBTrsOIgha/6gdJXgbF4rv+g0j/5wJqQLDKan7kc/p7uIvw==",
      "os": [
        "darwin",
        "linux",
        "win32",
        "freebsd",
        "openbsd",
        "netbsd",
        "sunos",
        "android"
      ],
      "bin": {
        "systeminformation": "lib/cli.js"
      },
      "engines": {
        "node": ">=8.0.0"
      },
      "funding": {
        "type": "Buy me a coffee",
        "url": "https://www.buymeacoffee.com/systeminfo"
      }
    }
  },
  "dependencies": {
    "osx-temperature-sensor": {
      "version": "1.0.8",
      "resolved": "https://registry.npmjs.org/osx-temperature-sensor/-/osx-temperature-sensor-1.0.8.tgz",
      "integrity": "sha512-Gl3b+bn7+oDDnqPa+4v/cg3yg9lnE8ppS7ivL3opBZh4i7h99JNmkm6zWmo0m2a83UUJu+C9D7lGP0OS8IlehA==",
      "dev": true
    },
    "systeminformation": {
      "version": "5.12.6",
      "resolved": "https://registry.npmjs.org/systeminformation/-/systeminformation-5.12.6.tgz",
      "integrity": "sha512-FkCvT5BOuH1OE3+8lFM25oXIYJ0CM8kq4Wgvz2jyBTrsOIgha/6gdJXgbF4rv+g0j/5wJqQLDKan7kc/p7uIvw=="
    }
  }
}
